
Microsoft Visual Studio Solution File, Format Version 12.00
# Visual Studio 15
VisualStudioVersion = 15.0.28307.329
MinimumVisualStudioVersion = 10.0.40219.1
Project("{FAE04EC0-301F-11D3-BF4B-00C04F79EFBC}") = "GameTank", "GameTank\GameTank.csproj", "{E85765B3-75E0-49F9-84C5-1A00D3355F8E}"
EndProject
Global
	GlobalSection(SolutionConfigurationPlatforms) = preSolution
		Debug|Any CPU = Debug|Any CPU
		Release|Any CPU = Release|Any CPU
	EndGlobalSection
	GlobalSection(ProjectConfigurationPlatforms) = postSolution
		{E85765B3-75E0-49F9-84C5-1A00D3355F8E}.Debug|Any CPU.ActiveCfg = Debug|Any CPU
		{E85765B3-75E0-49F9-84C5-1A00D3355F8E}.Debug|Any CPU.Build.0 = Debug|Any CPU
		{E85765B3-75E0-49F9-84C5-1A00D3355F8E}.Release|Any CPU.ActiveCfg = Release|Any CPU
		{E85765B3-75E0-49F9-84C5-1A00D3355F8E}.Release|Any CPU.Build.0 = Release|Any CPU
	EndGlobalSection
	GlobalSection(SolutionProperties) = preSolution
		HideSolutionNode = FALSE
	EndGlobalSection
	GlobalSection(ExtensibilityGlobals) = postSolution
		SolutionGuid = {FABC6EB4-AAED-4512-A100-9CF93C6BA76E}
	EndGlobalSection
EndGlobal
